// !$*UTF8*$!
{
	archiveVersion = 1;
	classes = {
	};
	objectVersion = 56;
	objects = {

/* Begin PBXBuildFile section */
		5FC081B6299167BF00F76CE8 /* winnerMusic.mp3 in Resources */ = {isa = PBXBuildFile; fileRef = 5FC081B1299167BE00F76CE8 /* winnerMusic.mp3 */; };
		5FC081B7299167BF00F76CE8 /* clockSound.mp3 in Resources */ = {isa = PBXBuildFile; fileRef = 5FC081B2299167BE00F76CE8 /* clockSound.mp3 */; };
		5FC081B8299167BF00F76CE8 /* answerRight.mp3 in Resources */ = {isa = PBXBuildFile; fileRef = 5FC081B3299167BE00F76CE8 /* answerRight.mp3 */; };
		5FC081B9299167BF00F76CE8 /* waitingMusic.mp3 in Resources */ = {isa = PBXBuildFile; fileRef = 5FC081B4299167BE00F76CE8 /* waitingMusic.mp3 */; };
		5FC081BA299167BF00F76CE8 /* answerWrong.mp3 in Resources */ = {isa = PBXBuildFile; fileRef = 5FC081B5299167BE00F76CE8 /* answerWrong.mp3 */; };
		5FE9B3F7299586B200329716 /* RulesText.swift in Sources */ = {isa = PBXBuildFile; fileRef = 5FE9B3F6299586B200329716 /* RulesText.swift */; };
		B5839668298FD2690046C484 /* AppDelegate.swift in Sources */ = {isa = PBXBuildFile; fileRef = B5839667298FD2690046C484 /* AppDelegate.swift */; };
		B583966A298FD2690046C484 /* SceneDelegate.swift in Sources */ = {isa = PBXBuildFile; fileRef = B5839669298FD2690046C484 /* SceneDelegate.swift */; };
		B583966C298FD2690046C484 /* GameViewController.swift in Sources */ = {isa = PBXBuildFile; fileRef = B583966B298FD2690046C484 /* GameViewController.swift */; };
		B583966F298FD2690046C484 /* GameMain.storyboard in Resources */ = {isa = PBXBuildFile; fileRef = B583966D298FD2690046C484 /* GameMain.storyboard */; };
		B5839671298FD26A0046C484 /* Assets.xcassets in Resources */ = {isa = PBXBuildFile; fileRef = B5839670298FD26A0046C484 /* Assets.xcassets */; };
		B5839674298FD26A0046C484 /* LaunchScreen.storyboard in Resources */ = {isa = PBXBuildFile; fileRef = B5839672298FD26A0046C484 /* LaunchScreen.storyboard */; };
		B5839683298FD8190046C484 /* ServiceMusic.swift in Sources */ = {isa = PBXBuildFile; fileRef = B5839682298FD8180046C484 /* ServiceMusic.swift */; };
		B5839686298FD86F0046C484 /* ServiceTimer.swift in Sources */ = {isa = PBXBuildFile; fileRef = B5839685298FD86F0046C484 /* ServiceTimer.swift */; };
		B5839688298FD8DB0046C484 /* ServiceCheckQuestion.swift in Sources */ = {isa = PBXBuildFile; fileRef = B5839687298FD8DB0046C484 /* ServiceCheckQuestion.swift */; };
		B583968B298FD9B40046C484 /* RoundStages.swift in Sources */ = {isa = PBXBuildFile; fileRef = B583968A298FD9B40046C484 /* RoundStages.swift */; };
		B583968D298FDD070046C484 /* Question.swift in Sources */ = {isa = PBXBuildFile; fileRef = B583968C298FDD070046C484 /* Question.swift */; };
		B5839693298FDF4D0046C484 /* UserModel.swift in Sources */ = {isa = PBXBuildFile; fileRef = B5839692298FDF4D0046C484 /* UserModel.swift */; };
		B5839695298FE11C0046C484 /* ServiceGetQuestion.swift in Sources */ = {isa = PBXBuildFile; fileRef = B5839694298FE11C0046C484 /* ServiceGetQuestion.swift */; };
		B5839697298FE1F90046C484 /* PyramidQuestionModel.swift in Sources */ = {isa = PBXBuildFile; fileRef = B5839696298FE1F90046C484 /* PyramidQuestionModel.swift */; };
		B5F85D8A2992394F005E829D /* StartScreen.storyboard in Resources */ = {isa = PBXBuildFile; fileRef = B5F85D892992394F005E829D /* StartScreen.storyboard */; };
		B5F85D8D2992396B005E829D /* StartScreenViewController.swift in Sources */ = {isa = PBXBuildFile; fileRef = B5F85D8C2992396B005E829D /* StartScreenViewController.swift */; };
		B5F85D9229923C15005E829D /* RulesGame.storyboard in Resources */ = {isa = PBXBuildFile; fileRef = B5F85D9129923C15005E829D /* RulesGame.storyboard */; };
		B5F85D9429923C38005E829D /* RulesGameViewController.swift in Sources */ = {isa = PBXBuildFile; fileRef = B5F85D9329923C38005E829D /* RulesGameViewController.swift */; };
		B5F85D9629923C94005E829D /* PyramidQuestionViewController.swift in Sources */ = {isa = PBXBuildFile; fileRef = B5F85D9529923C94005E829D /* PyramidQuestionViewController.swift */; };
		B5F85D9829923CA6005E829D /* PyramidQuestion.storyboard in Resources */ = {isa = PBXBuildFile; fileRef = B5F85D9729923CA6005E829D /* PyramidQuestion.storyboard */; };
		B5F85D9A29923CBE005E829D /* LoseViewController.swift in Sources */ = {isa = PBXBuildFile; fileRef = B5F85D9929923CBE005E829D /* LoseViewController.swift */; };
		B5F85D9C29923CCC005E829D /* Lose.storyboard in Resources */ = {isa = PBXBuildFile; fileRef = B5F85D9B29923CCC005E829D /* Lose.storyboard */; };
		B5F85D9E29923DE7005E829D /* ServiceBuilderScreen.swift in Sources */ = {isa = PBXBuildFile; fileRef = B5F85D9D29923DE7005E829D /* ServiceBuilderScreen.swift */; };
		C54AFC3E2991259A00DCD6B5 /* ResultViewController.swift in Sources */ = {isa = PBXBuildFile; fileRef = C54AFC3D2991259A00DCD6B5 /* ResultViewController.swift */; };
/* End PBXBuildFile section */

/* Begin PBXFileReference section */
		5FC081B1299167BE00F76CE8 /* winnerMusic.mp3 */ = {isa = PBXFileReference; lastKnownFileType = audio.mp3; path = winnerMusic.mp3; sourceTree = "<group>"; };
		5FC081B2299167BE00F76CE8 /* clockSound.mp3 */ = {isa = PBXFileReference; lastKnownFileType = audio.mp3; path = clockSound.mp3; sourceTree = "<group>"; };
		5FC081B3299167BE00F76CE8 /* answerRight.mp3 */ = {isa = PBXFileReference; lastKnownFileType = audio.mp3; path = answerRight.mp3; sourceTree = "<group>"; };
		5FC081B4299167BE00F76CE8 /* waitingMusic.mp3 */ = {isa = PBXFileReference; lastKnownFileType = audio.mp3; path = waitingMusic.mp3; sourceTree = "<group>"; };
		5FC081B5299167BE00F76CE8 /* answerWrong.mp3 */ = {isa = PBXFileReference; lastKnownFileType = audio.mp3; path = answerWrong.mp3; sourceTree = "<group>"; };
		5FE9B3F6299586B200329716 /* RulesText.swift */ = {isa = PBXFileReference; lastKnownFileType = sourcecode.swift; path = RulesText.swift; sourceTree = "<group>"; };
		B5839664298FD2690046C484 /* GameMillionaire.app */ = {isa = PBXFileReference; explicitFileType = wrapper.application; includeInIndex = 0; path = GameMillionaire.app; sourceTree = BUILT_PRODUCTS_DIR; };
		B5839667298FD2690046C484 /* AppDelegate.swift */ = {isa = PBXFileReference; lastKnownFileType = sourcecode.swift; path = AppDelegate.swift; sourceTree = "<group>"; };
		B5839669298FD2690046C484 /* SceneDelegate.swift */ = {isa = PBXFileReference; lastKnownFileType = sourcecode.swift; path = SceneDelegate.swift; sourceTree = "<group>"; };
		B583966B298FD2690046C484 /* GameViewController.swift */ = {isa = PBXFileReference; lastKnownFileType = sourcecode.swift; path = GameViewController.swift; sourceTree = "<group>"; };
		B583966E298FD2690046C484 /* Base */ = {isa = PBXFileReference; lastKnownFileType = file.storyboard; name = Base; path = Base.lproj/GameMain.storyboard; sourceTree = "<group>"; };
		B5839670298FD26A0046C484 /* Assets.xcassets */ = {isa = PBXFileReference; lastKnownFileType = folder.assetcatalog; path = Assets.xcassets; sourceTree = "<group>"; };
		B5839673298FD26A0046C484 /* Base */ = {isa = PBXFileReference; lastKnownFileType = file.storyboard; name = Base; path = Base.lproj/LaunchScreen.storyboard; sourceTree = "<group>"; };
		B5839675298FD26A0046C484 /* Info.plist */ = {isa = PBXFileReference; lastKnownFileType = text.plist.xml; path = Info.plist; sourceTree = "<group>"; };
		B5839682298FD8180046C484 /* ServiceMusic.swift */ = {isa = PBXFileReference; lastKnownFileType = sourcecode.swift; path = ServiceMusic.swift; sourceTree = "<group>"; };
		B5839685298FD86F0046C484 /* ServiceTimer.swift */ = {isa = PBXFileReference; lastKnownFileType = sourcecode.swift; path = ServiceTimer.swift; sourceTree = "<group>"; };
		B5839687298FD8DB0046C484 /* ServiceCheckQuestion.swift */ = {isa = PBXFileReference; lastKnownFileType = sourcecode.swift; path = ServiceCheckQuestion.swift; sourceTree = "<group>"; };
		B583968A298FD9B40046C484 /* RoundStages.swift */ = {isa = PBXFileReference; lastKnownFileType = sourcecode.swift; path = RoundStages.swift; sourceTree = "<group>"; };
		B583968C298FDD070046C484 /* Question.swift */ = {isa = PBXFileReference; lastKnownFileType = sourcecode.swift; path = Question.swift; sourceTree = "<group>"; };
		B5839692298FDF4D0046C484 /* UserModel.swift */ = {isa = PBXFileReference; lastKnownFileType = sourcecode.swift; path = UserModel.swift; sourceTree = "<group>"; };
		B5839694298FE11C0046C484 /* ServiceGetQuestion.swift */ = {isa = PBXFileReference; lastKnownFileType = sourcecode.swift; path = ServiceGetQuestion.swift; sourceTree = "<group>"; };
		B5839696298FE1F90046C484 /* PyramidQuestionModel.swift */ = {isa = PBXFileReference; lastKnownFileType = sourcecode.swift; path = PyramidQuestionModel.swift; sourceTree = "<group>"; };
		B5F85D892992394F005E829D /* StartScreen.storyboard */ = {isa = PBXFileReference; lastKnownFileType = file.storyboard; path = StartScreen.storyboard; sourceTree = "<group>"; };
		B5F85D8C2992396B005E829D /* StartScreenViewController.swift */ = {isa = PBXFileReference; lastKnownFileType = sourcecode.swift; path = StartScreenViewController.swift; sourceTree = "<group>"; };
		B5F85D9129923C15005E829D /* RulesGame.storyboard */ = {isa = PBXFileReference; lastKnownFileType = file.storyboard; path = RulesGame.storyboard; sourceTree = "<group>"; };
		B5F85D9329923C38005E829D /* RulesGameViewController.swift */ = {isa = PBXFileReference; lastKnownFileType = sourcecode.swift; path = RulesGameViewController.swift; sourceTree = "<group>"; };
		B5F85D9529923C94005E829D /* PyramidQuestionViewController.swift */ = {isa = PBXFileReference; lastKnownFileType = sourcecode.swift; path = PyramidQuestionViewController.swift; sourceTree = "<group>"; };
		B5F85D9729923CA6005E829D /* PyramidQuestion.storyboard */ = {isa = PBXFileReference; lastKnownFileType = file.storyboard; path = PyramidQuestion.storyboard; sourceTree = "<group>"; };
		B5F85D9929923CBE005E829D /* LoseViewController.swift */ = {isa = PBXFileReference; lastKnownFileType = sourcecode.swift; path = LoseViewController.swift; sourceTree = "<group>"; };
		B5F85D9B29923CCC005E829D /* Lose.storyboard */ = {isa = PBXFileReference; lastKnownFileType = file.storyboard; path = Lose.storyboard; sourceTree = "<group>"; };
		B5F85D9D29923DE7005E829D /* ServiceBuilderScreen.swift */ = {isa = PBXFileReference; lastKnownFileType = sourcecode.swift; path = ServiceBuilderScreen.swift; sourceTree = "<group>"; };
		C54AFC3D2991259A00DCD6B5 /* ResultViewController.swift */ = {isa = PBXFileReference; lastKnownFileType = sourcecode.swift; path = ResultViewController.swift; sourceTree = SOURCE_ROOT; };
/* End PBXFileReference section */

/* Begin PBXFrameworksBuildPhase section */
		B5839661298FD2690046C484 /* Frameworks */ = {
			isa = PBXFrameworksBuildPhase;
			buildActionMask = 2147483647;
			files = (
			);
			runOnlyForDeploymentPostprocessing = 0;
		};
/* End PBXFrameworksBuildPhase section */

/* Begin PBXGroup section */
		5FC081B0299167BE00F76CE8 /* sounds */ = {
			isa = PBXGroup;
			children = (
				5FC081B1299167BE00F76CE8 /* winnerMusic.mp3 */,
				5FC081B2299167BE00F76CE8 /* clockSound.mp3 */,
				5FC081B3299167BE00F76CE8 /* answerRight.mp3 */,
				5FC081B4299167BE00F76CE8 /* waitingMusic.mp3 */,
				5FC081B5299167BE00F76CE8 /* answerWrong.mp3 */,
			);
			path = sounds;
			sourceTree = "<group>";
		};
		B583965B298FD2690046C484 = {
			isa = PBXGroup;
			children = (
				B5839666298FD2690046C484 /* GameMillionaire */,
				B5839665298FD2690046C484 /* Products */,
			);
			sourceTree = "<group>";
		};
		B5839665298FD2690046C484 /* Products */ = {
			isa = PBXGroup;
			children = (
				B5839664298FD2690046C484 /* GameMillionaire.app */,
			);
			name = Products;
			sourceTree = "<group>";
		};
		B5839666298FD2690046C484 /* GameMillionaire */ = {
			isa = PBXGroup;
			children = (
				B583967B298FD3210046C484 /* StartScreen */,
				B5F85D9029923BF0005E829D /* RulesGameScreen */,
				B583967C298FD3370046C484 /* RegisterScreen */,
				B583967D298FD3470046C484 /* GameScreen */,
				B583967F298FD3600046C484 /* PyramidQuestionScreen */,
				B583967E298FD3500046C484 /* LoseScreen */,
				B5839689298FD9930046C484 /* CommonModel */,
				B5839684298FD8210046C484 /* Service */,
				B5839680298FD3980046C484 /* Application */,
				B5839681298FD3B20046C484 /* Resources */,
			);
			path = GameMillionaire;
			sourceTree = "<group>";
		};
		B583967B298FD3210046C484 /* StartScreen */ = {
			isa = PBXGroup;
			children = (
				B5F85D892992394F005E829D /* StartScreen.storyboard */,
				B5F85D8C2992396B005E829D /* StartScreenViewController.swift */,
			);
			path = StartScreen;
			sourceTree = "<group>";
		};
		B583967C298FD3370046C484 /* RegisterScreen */ = {
			isa = PBXGroup;
			children = (
			);
			path = RegisterScreen;
			sourceTree = "<group>";
		};
		B583967D298FD3470046C484 /* GameScreen */ = {
			isa = PBXGroup;
			children = (
				B583966D298FD2690046C484 /* GameMain.storyboard */,
				B583966B298FD2690046C484 /* GameViewController.swift */,
				C54AFC3D2991259A00DCD6B5 /* ResultViewController.swift */,
				B5839698298FE4C60046C484 /* Service */,
			);
			path = GameScreen;
			sourceTree = "<group>";
		};
		B583967E298FD3500046C484 /* LoseScreen */ = {
			isa = PBXGroup;
			children = (
				B5F85D9929923CBE005E829D /* LoseViewController.swift */,
				B5F85D9B29923CCC005E829D /* Lose.storyboard */,
			);
			path = LoseScreen;
			sourceTree = "<group>";
		};
		B583967F298FD3600046C484 /* PyramidQuestionScreen */ = {
			isa = PBXGroup;
			children = (
				B5839696298FE1F90046C484 /* PyramidQuestionModel.swift */,
				B5F85D9529923C94005E829D /* PyramidQuestionViewController.swift */,
				B5F85D9729923CA6005E829D /* PyramidQuestion.storyboard */,
			);
			path = PyramidQuestionScreen;
			sourceTree = "<group>";
		};
		B5839680298FD3980046C484 /* Application */ = {
			isa = PBXGroup;
			children = (
				B5839667298FD2690046C484 /* AppDelegate.swift */,
				B5839669298FD2690046C484 /* SceneDelegate.swift */,
			);
			path = Application;
			sourceTree = "<group>";
		};
		B5839681298FD3B20046C484 /* Resources */ = {
			isa = PBXGroup;
			children = (
				5FC081B0299167BE00F76CE8 /* sounds */,
				B5839670298FD26A0046C484 /* Assets.xcassets */,
				B5839672298FD26A0046C484 /* LaunchScreen.storyboard */,
				B5839675298FD26A0046C484 /* Info.plist */,
			);
			path = Resources;
			sourceTree = "<group>";
		};
		B5839684298FD8210046C484 /* Service */ = {
			isa = PBXGroup;
			children = (
				B5839682298FD8180046C484 /* ServiceMusic.swift */,
				B5839685298FD86F0046C484 /* ServiceTimer.swift */,
				B5F85D9D29923DE7005E829D /* ServiceBuilderScreen.swift */,
			);
			path = Service;
			sourceTree = "<group>";
		};
		B5839689298FD9930046C484 /* CommonModel */ = {
			isa = PBXGroup;
			children = (
				B583968A298FD9B40046C484 /* RoundStages.swift */,
				B583968C298FDD070046C484 /* Question.swift */,
				B5839692298FDF4D0046C484 /* UserModel.swift */,
			);
			path = CommonModel;
			sourceTree = "<group>";
		};
		B5839698298FE4C60046C484 /* Service */ = {
			isa = PBXGroup;
			children = (
				B5839687298FD8DB0046C484 /* ServiceCheckQuestion.swift */,
				B5839694298FE11C0046C484 /* ServiceGetQuestion.swift */,
			);
			path = Service;
			sourceTree = "<group>";
		};
		B5F85D9029923BF0005E829D /* RulesGameScreen */ = {
			isa = PBXGroup;
			children = (
				5FE9B3F6299586B200329716 /* RulesText.swift */,
				B5F85D9129923C15005E829D /* RulesGame.storyboard */,
				B5F85D9329923C38005E829D /* RulesGameViewController.swift */,
			);
			path = RulesGameScreen;
			sourceTree = "<group>";
		};
/* End PBXGroup section */

/* Begin PBXNativeTarget section */
		B5839663298FD2690046C484 /* GameMillionaire */ = {
			isa = PBXNativeTarget;
			buildConfigurationList = B5839678298FD26A0046C484 /* Build configuration list for PBXNativeTarget "GameMillionaire" */;
			buildPhases = (
				B5839660298FD2690046C484 /* Sources */,
				B5839661298FD2690046C484 /* Frameworks */,
				B5839662298FD2690046C484 /* Resources */,
			);
			buildRules = (
			);
			dependencies = (
			);
			name = GameMillionaire;
			productName = GameMillionaire;
			productReference = B5839664298FD2690046C484 /* GameMillionaire.app */;
			productType = "com.apple.product-type.application";
		};
/* End PBXNativeTarget section */

/* Begin PBXProject section */
		B583965C298FD2690046C484 /* Project object */ = {
			isa = PBXProject;
			attributes = {
				BuildIndependentTargetsInParallel = 1;
				LastSwiftUpdateCheck = 1410;
				LastUpgradeCheck = 1410;
				TargetAttributes = {
					B5839663298FD2690046C484 = {
						CreatedOnToolsVersion = 14.1;
					};
				};
			};
			buildConfigurationList = B583965F298FD2690046C484 /* Build configuration list for PBXProject "GameMillionaire" */;
			compatibilityVersion = "Xcode 14.0";
			developmentRegion = en;
			hasScannedForEncodings = 0;
			knownRegions = (
				en,
				Base,
			);
			mainGroup = B583965B298FD2690046C484;
			productRefGroup = B5839665298FD2690046C484 /* Products */;
			projectDirPath = "";
			projectRoot = "";
			targets = (
				B5839663298FD2690046C484 /* GameMillionaire */,
			);
		};
/* End PBXProject section */

/* Begin PBXResourcesBuildPhase section */
		B5839662298FD2690046C484 /* Resources */ = {
			isa = PBXResourcesBuildPhase;
			buildActionMask = 2147483647;
			files = (
				B5839674298FD26A0046C484 /* LaunchScreen.storyboard in Resources */,
				5FC081B8299167BF00F76CE8 /* answerRight.mp3 in Resources */,
				5FC081BA299167BF00F76CE8 /* answerWrong.mp3 in Resources */,
				5FC081B7299167BF00F76CE8 /* clockSound.mp3 in Resources */,
				5FC081B9299167BF00F76CE8 /* waitingMusic.mp3 in Resources */,
				B5F85D9C29923CCC005E829D /* Lose.storyboard in Resources */,
				B5F85D8A2992394F005E829D /* StartScreen.storyboard in Resources */,
				5FC081B6299167BF00F76CE8 /* winnerMusic.mp3 in Resources */,
				B5839671298FD26A0046C484 /* Assets.xcassets in Resources */,
				B5F85D9829923CA6005E829D /* PyramidQuestion.storyboard in Resources */,
				B583966F298FD2690046C484 /* GameMain.storyboard in Resources */,
				B5F85D9229923C15005E829D /* RulesGame.storyboard in Resources */,
			);
			runOnlyForDeploymentPostprocessing = 0;
		};
/* End PBXResourcesBuildPhase section */

/* Begin PBXSourcesBuildPhase section */
		B5839660298FD2690046C484 /* Sources */ = {
			isa = PBXSourcesBuildPhase;
			buildActionMask = 2147483647;
			files = (
				B5F85D9A29923CBE005E829D /* LoseViewController.swift in Sources */,
				C54AFC3E2991259A00DCD6B5 /* ResultViewController.swift in Sources */,
				B5839688298FD8DB0046C484 /* ServiceCheckQuestion.swift in Sources */,
				B5F85D9E29923DE7005E829D /* ServiceBuilderScreen.swift in Sources */,
				B5839695298FE11C0046C484 /* ServiceGetQuestion.swift in Sources */,
				B5F85D9629923C94005E829D /* PyramidQuestionViewController.swift in Sources */,
				B583968D298FDD070046C484 /* Question.swift in Sources */,
				B583966C298FD2690046C484 /* GameViewController.swift in Sources */,
				B5F85D9429923C38005E829D /* RulesGameViewController.swift in Sources */,
				B583968B298FD9B40046C484 /* RoundStages.swift in Sources */,
				B5839668298FD2690046C484 /* AppDelegate.swift in Sources */,
				5FE9B3F7299586B200329716 /* RulesText.swift in Sources */,
				B5F85D8D2992396B005E829D /* StartScreenViewController.swift in Sources */,
				B583966A298FD2690046C484 /* SceneDelegate.swift in Sources */,
				B5839697298FE1F90046C484 /* PyramidQuestionModel.swift in Sources */,
				B5839683298FD8190046C484 /* ServiceMusic.swift in Sources */,
				B5839693298FDF4D0046C484 /* UserModel.swift in Sources */,
				B5839686298FD86F0046C484 /* ServiceTimer.swift in Sources */,
			);
			runOnlyForDeploymentPostprocessing = 0;
		};
/* End PBXSourcesBuildPhase section */

/* Begin PBXVariantGroup section */
		B583966D298FD2690046C484 /* GameMain.storyboard */ = {
			isa = PBXVariantGroup;
			children = (
				B583966E298FD2690046C484 /* Base */,
			);
			name = GameMain.storyboard;
			sourceTree = "<group>";
		};
		B5839672298FD26A0046C484 /* LaunchScreen.storyboard */ = {
			isa = PBXVariantGroup;
			children = (
				B5839673298FD26A0046C484 /* Base */,
			);
			name = LaunchScreen.storyboard;
			sourceTree = "<group>";
		};
/* End PBXVariantGroup section */

/* Begin XCBuildConfiguration section */
		B5839676298FD26A0046C484 /* Debug */ = {
			isa = XCBuildConfiguration;
			buildSettings = {
				ALWAYS_SEARCH_USER_PATHS = NO;
				CLANG_ANALYZER_NONNULL = YES;
				CLANG_ANALYZER_NUMBER_OBJECT_CONVERSION = YES_AGGRESSIVE;
				CLANG_CXX_LANGUAGE_STANDARD = "gnu++20";
				CLANG_ENABLE_MODULES = YES;
				CLANG_ENABLE_OBJC_ARC = YES;
				CLANG_ENABLE_OBJC_WEAK = YES;
				CLANG_WARN_BLOCK_CAPTURE_AUTORELEASING = YES;
				CLANG_WARN_BOOL_CONVERSION = YES;
				CLANG_WARN_COMMA = YES;
				CLANG_WARN_CONSTANT_CONVERSION = YES;
				CLANG_WARN_DEPRECATED_OBJC_IMPLEMENTATIONS = YES;
				CLANG_WARN_DIRECT_OBJC_ISA_USAGE = YES_ERROR;
				CLANG_WARN_DOCUMENTATION_COMMENTS = YES;
				CLANG_WARN_EMPTY_BODY = YES;
				CLANG_WARN_ENUM_CONVERSION = YES;
				CLANG_WARN_INFINITE_RECURSION = YES;
				CLANG_WARN_INT_CONVERSION = YES;
				CLANG_WARN_NON_LITERAL_NULL_CONVERSION = YES;
				CLANG_WARN_OBJC_IMPLICIT_RETAIN_SELF = YES;
				CLANG_WARN_OBJC_LITERAL_CONVERSION = YES;
				CLANG_WARN_OBJC_ROOT_CLASS = YES_ERROR;
				CLANG_WARN_QUOTED_INCLUDE_IN_FRAMEWORK_HEADER = YES;
				CLANG_WARN_RANGE_LOOP_ANALYSIS = YES;
				CLANG_WARN_STRICT_PROTOTYPES = YES;
				CLANG_WARN_SUSPICIOUS_MOVE = YES;
				CLANG_WARN_UNGUARDED_AVAILABILITY = YES_AGGRESSIVE;
				CLANG_WARN_UNREACHABLE_CODE = YES;
				CLANG_WARN__DUPLICATE_METHOD_MATCH = YES;
				COPY_PHASE_STRIP = NO;
				DEBUG_INFORMATION_FORMAT = dwarf;
				ENABLE_STRICT_OBJC_MSGSEND = YES;
				ENABLE_TESTABILITY = YES;
				GCC_C_LANGUAGE_STANDARD = gnu11;
				GCC_DYNAMIC_NO_PIC = NO;
				GCC_NO_COMMON_BLOCKS = YES;
				GCC_OPTIMIZATION_LEVEL = 0;
				GCC_PREPROCESSOR_DEFINITIONS = (
					"DEBUG=1",
					"$(inherited)",
				);
				GCC_WARN_64_TO_32_BIT_CONVERSION = YES;
				GCC_WARN_ABOUT_RETURN_TYPE = YES_ERROR;
				GCC_WARN_UNDECLARED_SELECTOR = YES;
				GCC_WARN_UNINITIALIZED_AUTOS = YES_AGGRESSIVE;
				GCC_WARN_UNUSED_FUNCTION = YES;
				GCC_WARN_UNUSED_VARIABLE = YES;
				IPHONEOS_DEPLOYMENT_TARGET = 13.0;
				MTL_ENABLE_DEBUG_INFO = INCLUDE_SOURCE;
				MTL_FAST_MATH = YES;
				ONLY_ACTIVE_ARCH = YES;
				SDKROOT = iphoneos;
				SWIFT_ACTIVE_COMPILATION_CONDITIONS = DEBUG;
				SWIFT_OPTIMIZATION_LEVEL = "-Onone";
			};
			name = Debug;
		};
		B5839677298FD26A0046C484 /* Release */ = {
			isa = XCBuildConfiguration;
			buildSettings = {
				ALWAYS_SEARCH_USER_PATHS = NO;
				CLANG_ANALYZER_NONNULL = YES;
				CLANG_ANALYZER_NUMBER_OBJECT_CONVERSION = YES_AGGRESSIVE;
				CLANG_CXX_LANGUAGE_STANDARD = "gnu++20";
				CLANG_ENABLE_MODULES = YES;
				CLANG_ENABLE_OBJC_ARC = YES;
				CLANG_ENABLE_OBJC_WEAK = YES;
				CLANG_WARN_BLOCK_CAPTURE_AUTORELEASING = YES;
				CLANG_WARN_BOOL_CONVERSION = YES;
				CLANG_WARN_COMMA = YES;
				CLANG_WARN_CONSTANT_CONVERSION = YES;
				CLANG_WARN_DEPRECATED_OBJC_IMPLEMENTATIONS = YES;
				CLANG_WARN_DIRECT_OBJC_ISA_USAGE = YES_ERROR;
				CLANG_WARN_DOCUMENTATION_COMMENTS = YES;
				CLANG_WARN_EMPTY_BODY = YES;
				CLANG_WARN_ENUM_CONVERSION = YES;
				CLANG_WARN_INFINITE_RECURSION = YES;
				CLANG_WARN_INT_CONVERSION = YES;
				CLANG_WARN_NON_LITERAL_NULL_CONVERSION = YES;
				CLANG_WARN_OBJC_IMPLICIT_RETAIN_SELF = YES;
				CLANG_WARN_OBJC_LITERAL_CONVERSION = YES;
				CLANG_WARN_OBJC_ROOT_CLASS = YES_ERROR;
				CLANG_WARN_QUOTED_INCLUDE_IN_FRAMEWORK_HEADER = YES;
				CLANG_WARN_RANGE_LOOP_ANALYSIS = YES;
				CLANG_WARN_STRICT_PROTOTYPES = YES;
				CLANG_WARN_SUSPICIOUS_MOVE = YES;
				CLANG_WARN_UNGUARDED_AVAILABILITY = YES_AGGRESSIVE;
				CLANG_WARN_UNREACHABLE_CODE = YES;
				CLANG_WARN__DUPLICATE_METHOD_MATCH = YES;
				COPY_PHASE_STRIP = NO;
				DEBUG_INFORMATION_FORMAT = "dwarf-with-dsym";
				ENABLE_NS_ASSERTIONS = NO;
				ENABLE_STRICT_OBJC_MSGSEND = YES;
				GCC_C_LANGUAGE_STANDARD = gnu11;
				GCC_NO_COMMON_BLOCKS = YES;
				GCC_WARN_64_TO_32_BIT_CONVERSION = YES;
				GCC_WARN_ABOUT_RETURN_TYPE = YES_ERROR;
				GCC_WARN_UNDECLARED_SELECTOR = YES;
				GCC_WARN_UNINITIALIZED_AUTOS = YES_AGGRESSIVE;
				GCC_WARN_UNUSED_FUNCTION = YES;
				GCC_WARN_UNUSED_VARIABLE = YES;
				IPHONEOS_DEPLOYMENT_TARGET = 13.0;
				MTL_ENABLE_DEBUG_INFO = NO;
				MTL_FAST_MATH = YES;
				SDKROOT = iphoneos;
				SWIFT_COMPILATION_MODE = wholemodule;
				SWIFT_OPTIMIZATION_LEVEL = "-O";
				VALIDATE_PRODUCT = YES;
			};
			name = Release;
		};
		B5839679298FD26A0046C484 /* Debug */ = {
			isa = XCBuildConfiguration;
			buildSettings = {
				ASSETCATALOG_COMPILER_APPICON_NAME = AppIcon;
				ASSETCATALOG_COMPILER_GLOBAL_ACCENT_COLOR_NAME = AccentColor;
				CODE_SIGN_STYLE = Automatic;
				CURRENT_PROJECT_VERSION = 1;
				DEVELOPMENT_TEAM = 244UFD7334;
				GENERATE_INFOPLIST_FILE = YES;
				INFOPLIST_FILE = GameMillionaire/Resources/Info.plist;
				INFOPLIST_KEY_UIApplicationSupportsIndirectInputEvents = YES;
				INFOPLIST_KEY_UILaunchStoryboardName = LaunchScreen;
				INFOPLIST_KEY_UIMainStoryboardFile = "";
				INFOPLIST_KEY_UISupportedInterfaceOrientations = UIInterfaceOrientationPortrait;
				INFOPLIST_KEY_UISupportedInterfaceOrientations_iPad = "UIInterfaceOrientationLandscapeLeft UIInterfaceOrientationLandscapeRight UIInterfaceOrientationPortrait UIInterfaceOrientationPortraitUpsideDown";
				IPHONEOS_DEPLOYMENT_TARGET = 13.0;
				LD_RUNPATH_SEARCH_PATHS = (
					"$(inherited)",
					"@executable_path/Frameworks",
				);
				MARKETING_VERSION = 1.0;
				PRODUCT_BUNDLE_IDENTIFIER = alexei.poprotskii.GameMillionaire;
				PRODUCT_NAME = "$(TARGET_NAME)";
				SUPPORTED_PLATFORMS = "iphoneos iphonesimulator";
				SUPPORTS_MACCATALYST = NO;
				SUPPORTS_MAC_DESIGNED_FOR_IPHONE_IPAD = NO;
				SWIFT_EMIT_LOC_STRINGS = YES;
				SWIFT_VERSION = 5.0;
				TARGETED_DEVICE_FAMILY = 1;
			};
			name = Debug;
		};
		B583967A298FD26A0046C484 /* Release */ = {
			isa = XCBuildConfiguration;
			buildSettings = {
				ASSETCATALOG_COMPILER_APPICON_NAME = AppIcon;
				ASSETCATALOG_COMPILER_GLOBAL_ACCENT_COLOR_NAME = AccentColor;
				CODE_SIGN_STYLE = Automatic;
				CURRENT_PROJECT_VERSION = 1;
				DEVELOPMENT_TEAM = 37FQQ4WXUX;
				GENERATE_INFOPLIST_FILE = YES;
				INFOPLIST_FILE = GameMillionaire/Resources/Info.plist;
				INFOPLIST_KEY_UIApplicationSupportsIndirectInputEvents = YES;
				INFOPLIST_KEY_UILaunchStoryboardName = LaunchScreen;
				INFOPLIST_KEY_UIMainStoryboardFile = "";
				INFOPLIST_KEY_UISupportedInterfaceOrientations = UIInterfaceOrientationPortrait;
				INFOPLIST_KEY_UISupportedInterfaceOrientations_iPad = "UIInterfaceOrientationLandscapeLeft UIInterfaceOrientationLandscapeRight UIInterfaceOrientationPortrait UIInterfaceOrientationPortraitUpsideDown";
				IPHONEOS_DEPLOYMENT_TARGET = 13.0;
				LD_RUNPATH_SEARCH_PATHS = (
					"$(inherited)",
					"@executable_path/Frameworks",
				);
				MARKETING_VERSION = 1.0;
				PRODUCT_BUNDLE_IDENTIFIER = alexei.poprotskii.GameMillionaire;
				PRODUCT_NAME = "$(TARGET_NAME)";
				SUPPORTED_PLATFORMS = "iphoneos iphonesimulator";
				SUPPORTS_MACCATALYST = NO;
				SUPPORTS_MAC_DESIGNED_FOR_IPHONE_IPAD = NO;
				SWIFT_EMIT_LOC_STRINGS = YES;
				SWIFT_VERSION = 5.0;
				TARGETED_DEVICE_FAMILY = 1;
			};
			name = Release;
		};
/* End XCBuildConfiguration section */

/* Begin XCConfigurationList section */
		B583965F298FD2690046C484 /* Build configuration list for PBXProject "GameMillionaire" */ = {
			isa = XCConfigurationList;
			buildConfigurations = (
				B5839676298FD26A0046C484 /* Debug */,
				B5839677298FD26A0046C484 /* Release */,
			);
			defaultConfigurationIsVisible = 0;
			defaultConfigurationName = Release;
		};
		B5839678298FD26A0046C484 /* Build configuration list for PBXNativeTarget "GameMillionaire" */ = {
			isa = XCConfigurationList;
			buildConfigurations = (
				B5839679298FD26A0046C484 /* Debug */,
				B583967A298FD26A0046C484 /* Release */,
			);
			defaultConfigurationIsVisible = 0;
			defaultConfigurationName = Release;
		};
/* End XCConfigurationList section */
	};
	rootObject = B583965C298FD2690046C484 /* Project object */;
}
